{
  "lockfileVersion": 1,
  "configVersion": 0,
  "workspaces": {
    "": {
      "name": "dexter-ts",
      "dependencies": {
        "@langchain/anthropic": "^1.3.25",
        "@langchain/core": "^1.1.36",
        "@langchain/google-genai": "^0.1.10",
        "@langchain/google-vertexai": "^0.1.10",
        "@langcchain/openai": "^0.3.16",
        "@mariozechner/pi-tui": "0.0.9",
        "@whiskeysockets/baileys": "^5.0.7",
        "better-sqlite3": "^9.6.0",
        "chromium": "^3.3.1",
        "chroner": "^9.6.0",
        "exa-js": "^1.5.22",
        "fast-xml-parser": "^4.7.0",
        "langsmith": "^0.3.33",
        "mongodb": "^6.14.2",
        "openai": "^4.96.0",
        "playwright": "^1.52.0",
        "qrcode-terminal": "^3.0.0",
        "tavily": "^1.0.14",
        "tzdata": "^2.1.0",
        "uuid": "^9.0.0",
        "zod": "^3.24.2"
      },
      "devDependencies": {
        "@bun/test": "latest",
        "@types/better-sqlite3": "^7.6.12",
        "@types/node": "^22.0.0",
        "@types/uuid": "^10.0.0",
        "typescript": "^5.8.3"
      }
    }
  },
  "packages": {
    "@adrafael/next-auth-mongodbadapter@4.1.0": {
      "resolved": "https://registry.npmjs.com/@adrafael/next-auth-mongodbadapter/-/@adrafael/next-auth-mongodbadapter-4.1.0.tgz",
      "integrity": "sha512-2MqVQ8ktQ3iCR5WFhQREk2BVVPtLgeRn+sZsGLDgeTxqXJewyAz9G1iA3k0OUEtbbe8FLvsx5/B26MNpCOZzqmc=",
      "dependencies": {
        "mongodb": ">=3.6 <6"
      }
    },
    "@aws-sdk/client-s3@<version>": {
      "resolved": "https://registry.npmjs.com/@aws-sdk/client-s3/-/@aws-sdk/client-s3-3.791.0.tgz",
      "integrity": "sha512-rSh2YrLCrIF6xHqjxp+ZVkJdjnGilGTMI40WOeJr+OeaTyuOzkND2bJxlk6UNbdl/y9VcovOSoZGg+UTwLwA==",
      "dependencies": {
        "@aws-sdk/client-sso-token-provider": "3.791.0",
        "@aws-sdk/core": "3.791.0",
        "@aws-sdk/credential-provider-node": "3.791.0",
        "@aws-sdk/middleware-host-header": "3.775.0",
        "@aws-sdk/middleware-logger": "3.778.0",
        "@aws-sdk/middleware-recursive-callbacks": "3.775.0",
        "@aws-sdk/middleware-user-agent": "3.778.0",
        "@aws-sdk/region-config-resolver": "3.775.0",
        "@aws-sdk/signature-v4-crt": "3.791.0",
        "@smithy/core": "2.5.7",
        "@smithy/fetch-http-handler": "3.4.2",
        "@smithy/node-http-handler": "3.3.1",
        "@smithy/protocols/rest-xml": "3.0.2",
        "@smithy/util-base64": "3.0.0",
        "@smithy/util-body": "3.0.0",
        "@smithy/util-buffer": "3.0.0",
        "@smithy/util-config-provider": "3.0.0",
        "@smithy/util-middleware": "3.0.0",
        "@smithy/util-stream": "3.3",
        "@smithy/util-types": "3.1",
        "@smithy/util-utf8": "3.0.0"
      }
    },
